
Microsoft Visual Studio Solution File, Format Version 12.00
# Visual Studio Version 17
VisualStudioVersion = 17.11.35222.181
MinimumVisualStudioVersion = 10.0.40219.1
Project("{FAE04EC0-301F-11D3-BF4B-00C04F79EFBC}") = "Identity1", "Identity1.csproj", "{AB83323C-8C03-4974-AF88-AD8795A3C240}"
EndProject
Global
	GlobalSection(SolutionConfigurationPlatforms) = preSolution
		Debug|Any CPU = Debug|Any CPU
		Release|Any CPU = Release|Any CPU
	EndGlobalSection
	GlobalSection(ProjectConfigurationPlatforms) = postSolution
		{AB83323C-8C03-4974-AF88-AD8795A3C240}.Debug|Any CPU.ActiveCfg = Debug|Any CPU
		{AB83323C-8C03-4974-AF88-AD8795A3C240}.Debug|Any CPU.Build.0 = Debug|Any CPU
		{AB83323C-8C03-4974-AF88-AD8795A3C240}.Release|Any CPU.ActiveCfg = Release|Any CPU
		{AB83323C-8C03-4974-AF88-AD8795A3C240}.Release|Any CPU.Build.0 = Release|Any CPU
	EndGlobalSection
	GlobalSection(SolutionProperties) = preSolution
		HideSolutionNode = FALSE
	EndGlobalSection
	GlobalSection(ExtensibilityGlobals) = postSolution
		SolutionGuid = {5801C90A-2001-45CE-A652-736E89AA3CCA}
	EndGlobalSection
EndGlobal
